PODS:
  - CocoaLumberjack (2.0.0):
    - CocoaLumberjack/Default (= 2.0.0)
    - CocoaLumberjack/Extensions (= 2.0.0)
  - CocoaLumberjack/Core (2.0.0)
  - CocoaLumberjack/Default (2.0.0):
    - CocoaLumberjack/Core
  - CocoaLumberjack/Extensions (2.0.0):
    - CocoaLumberjack/Default
  - KLCPopup (1.1)
  - LumberjackConsole (2.4.3):
    - CocoaLumberjack (>= 2.0.0)
    - NBUCore (>= 2.0.3)
  - LumberjackLauncher (0.1.1):
    - CocoaLumberjack (= 2.0.0)
    - LumberjackConsole
  - NBUCore (2.0.4)
  - TWSReleaseNotesView (1.2.1-yusuga.1)

DEPENDENCIES:
  - KLCPopup
  - LumberjackLauncher
  - TWSReleaseNotesView (= 1.2.1-yusuga.1)

SPEC CHECKSUMS:
  CocoaLumberjack: a6f77d987d65dc7ba86b0f84db7d0b9084f77bcb
  KLCPopup: 4f6f34731088de77009bc920ec45b7fb241ac8bc
  LumberjackConsole: 81bad3312fea315b8a17e53926b014f032ec1f44
  LumberjackLauncher: 7bfcc7b9533e0921f8254b82cd061a2c88108886
  NBUCore: 89cbf3976cae47c358fd0ed8562ef66d79a8904a
  TWSReleaseNotesView: 11faf542cf10a762ea4280f44bdd4060cb370ac0

COCOAPODS: 0.39.0
